
Microsoft Visual Studio Solution File, Format Version 12.00
# Visual Studio Version 17
VisualStudioVersion = 17.6.33723.286
MinimumVisualStudioVersion = 10.0.40219.1
Project("{8BC9CEB8-8B4A-11D0-8D11-00A0C91BC942}") = "测试", "测试\测试.vcxproj", "{D7054B59-05A4-4899-88D5-5625CDDAC572}"
EndProject
Global
	GlobalSection(SolutionConfigurationPlatforms) = preSolution
		Debug|x64 = Debug|x64
		Debug|x86 = Debug|x86
		Release|x64 = Release|x64
		Release|x86 = Release|x86
	EndGlobalSection
	GlobalSection(ProjectConfigurationPlatforms) = postSolution
		{D7054B59-05A4-4899-88D5-5625CDDAC572}.Debug|x64.ActiveCfg = Debug|x64
		{D7054B59-05A4-4899-88D5-5625CDDAC572}.Debug|x64.Build.0 = Debug|x64
		{D7054B59-05A4-4899-88D5-5625CDDAC572}.Debug|x86.ActiveCfg = Debug|Win32
		{D7054B59-05A4-4899-88D5-5625CDDAC572}.Debug|x86.Build.0 = Debug|Win32
		{D7054B59-05A4-4899-88D5-5625CDDAC572}.Release|x64.ActiveCfg = Release|x64
		{D7054B59-05A4-4899-88D5-5625CDDAC572}.Release|x64.Build.0 = Release|x64
		{D7054B59-05A4-4899-88D5-5625CDDAC572}.Release|x86.ActiveCfg = Release|Win32
		{D7054B59-05A4-4899-88D5-5625CDDAC572}.Release|x86.Build.0 = Release|Win32
	EndGlobalSection
	GlobalSection(SolutionProperties) = preSolution
		HideSolutionNode = FALSE
	EndGlobalSection
	GlobalSection(ExtensibilityGlobals) = postSolution
		SolutionGuid = {CA184301-7C70-49FF-9456-524B195E0C8B}
	EndGlobalSection
EndGlobal
